
Microsoft Visual Studio Solution File, Format Version 12.00
# Visual Studio Version 17
VisualStudioVersion = 17.6.33723.286
MinimumVisualStudioVersion = 10.0.40219.1
Project("{8BC9CEB8-8B4A-11D0-8D11-00A0C91BC942}") = "Zadanie 1", "Zadanie 1.vcxproj", "{FBB89570-D0DF-46BF-A00A-A9751A51AB3D}"
EndProject
Global
	GlobalSection(SolutionConfigurationPlatforms) = preSolution
		Debug|x64 = Debug|x64
		Debug|x86 = Debug|x86
		Release|x64 = Release|x64
		Release|x86 = Release|x86
	EndGlobalSection
	GlobalSection(ProjectConfigurationPlatforms) = postSolution
		{FBB89570-D0DF-46BF-A00A-A9751A51AB3D}.Debug|x64.ActiveCfg = Debug|x64
		{FBB89570-D0DF-46BF-A00A-A9751A51AB3D}.Debug|x64.Build.0 = Debug|x64
		{FBB89570-D0DF-46BF-A00A-A9751A51AB3D}.Debug|x86.ActiveCfg = Debug|Win32
		{FBB89570-D0DF-46BF-A00A-A9751A51AB3D}.Debug|x86.Build.0 = Debug|Win32
		{FBB89570-D0DF-46BF-A00A-A9751A51AB3D}.Release|x64.ActiveCfg = Release|x64
		{FBB89570-D0DF-46BF-A00A-A9751A51AB3D}.Release|x64.Build.0 = Release|x64
		{FBB89570-D0DF-46BF-A00A-A9751A51AB3D}.Release|x86.ActiveCfg = Release|Win32
		{FBB89570-D0DF-46BF-A00A-A9751A51AB3D}.Release|x86.Build.0 = Release|Win32
	EndGlobalSection
	GlobalSection(SolutionProperties) = preSolution
		HideSolutionNode = FALSE
	EndGlobalSection
	GlobalSection(ExtensibilityGlobals) = postSolution
		SolutionGuid = {77FB826B-3C7A-45C9-AB94-B6F4A4A72209}
	EndGlobalSection
EndGlobal
